{
  "nodes": {
    "home-manager": {
      "inputs": {
        "nixpkgs": [
          "nixpkgs"
        ]
      },
      "locked": {
        "narHash": "sha256-/pSusGhmIdSdAaywQRFA5dVbfdIzlWQTecM+E46+cJ0=",
        "type": "tarball",
        "url": "https://github.com/nix-community/home-manager/archive/release-23.05.tar.gz"
      },
      "original": {
        "type": "tarball",
        "url": "https://github.com/nix-community/home-manager/archive/release-23.05.tar.gz"
      }
    },
    "nixpkgs": {
      "locked": {
        "lastModified": 1692794066,
        "narHash": "sha256-H0aG8r16dj0x/Wz6wQhQxc9V7AsObOiHPaKxQgH6Y08=",
        "owner": "nixos",
        "repo": "nixpkgs",
        "rev": "fc944919f743bb22379dddf18dcb72db6cff84aa",
        "type": "github"
      },
      "original": {
        "owner": "nixos",
        "ref": "nixos-23.05",
        "repo": "nixpkgs",
        "type": "github"
      }
    },
    "root": {
      "inputs": {
        "home-manager": "home-manager",
        "nixpkgs": "nixpkgs"
      }
    }
  },
  "root": "root",
  "version": 7
}
